
Microsoft Visual Studio Solution File, Format Version 12.00
# Visual Studio Version 16
VisualStudioVersion = 16.0.31613.86
MinimumVisualStudioVersion = 10.0.40219.1
Project("{FAE04EC0-301F-11D3-BF4B-00C04F79EFBC}") = "Proyecto", "Proyecto\Proyecto.csproj", "{CAA2DD63-C15D-45AE-9D05-8950EF825EB8}"
EndProject
Global
	GlobalSection(SolutionConfigurationPlatforms) = preSolution
		Debug|Any CPU = Debug|Any CPU
		Release|Any CPU = Release|Any CPU
	EndGlobalSection
	GlobalSection(ProjectConfigurationPlatforms) = postSolution
		{CAA2DD63-C15D-45AE-9D05-8950EF825EB8}.Debug|Any CPU.ActiveCfg = Debug|Any CPU
		{CAA2DD63-C15D-45AE-9D05-8950EF825EB8}.Debug|Any CPU.Build.0 = Debug|Any CPU
		{CAA2DD63-C15D-45AE-9D05-8950EF825EB8}.Release|Any CPU.ActiveCfg = Release|Any CPU
		{CAA2DD63-C15D-45AE-9D05-8950EF825EB8}.Release|Any CPU.Build.0 = Release|Any CPU
	EndGlobalSection
	GlobalSection(SolutionProperties) = preSolution
		HideSolutionNode = FALSE
	EndGlobalSection
	GlobalSection(ExtensibilityGlobals) = postSolution
		SolutionGuid = {034EB6D5-7261-46BA-84D2-2F6371E111D6}
	EndGlobalSection
EndGlobal
